// !$*UTF8*$!
{
	archiveVersion = 1;
	classes = {
	};
	objectVersion = 46;
	objects = {

/* Begin PBXAggregateTarget section */
		F8C19E7E1A8281FC000C70B5 /* Framework */ = {
			isa = PBXAggregateTarget;
			buildConfigurationList = F8C19E7F1A8281FC000C70B5 /* Build configuration list for PBXAggregateTarget "Framework" */;
			buildPhases = (
				F8C19E821A82820B000C70B5 /* ShellScript */,
			);
			dependencies = (
				F8A9A4D71A828CC80088BD8C /* PBXTargetDependency */,
			);
			name = Framework;
			productName = Framework;
		};
/* End PBXAggregateTarget section */

/* Begin PBXBuildFile section */
		72EB1BEC36942CE2D6D16C7A /* libPods-Mac.a in Frameworks */ = {isa = PBXBuildFile; fileRef = 8DCD9DA721D13E6DDE587AB1 /* libPods-Mac.a */; };
		F838D66F1A7F8CE800F37792 /* mXmArtist.h in Headers */ = {isa = PBXBuildFile; fileRef = F838D66D1A7F8CE800F37792 /* mXmArtist.h */; settings = {ATTRIBUTES = (Public, ); }; };
		F838D6701A7F8CE800F37792 /* mXmArtist.h in Headers */ = {isa = PBXBuildFile; fileRef = F838D66D1A7F8CE800F37792 /* mXmArtist.h */; settings = {ATTRIBUTES = (Public, ); }; };
		F838D6711A7F8CE800F37792 /* mXmArtist.m in Sources */ = {isa = PBXBuildFile; fileRef = F838D66E1A7F8CE800F37792 /* mXmArtist.m */; };
		F838D6721A7F8CE800F37792 /* mXmArtist.m in Sources */ = {isa = PBXBuildFile; fileRef = F838D66E1A7F8CE800F37792 /* mXmArtist.m */; };
		F838D6751A7F8FC800F37792 /* mXmSearchArtist.h in Headers */ = {isa = PBXBuildFile; fileRef = F838D6731A7F8FC800F37792 /* mXmSearchArtist.h */; settings = {ATTRIBUTES = (Private, ); }; };
		F838D6761A7F8FC800F37792 /* mXmSearchArtist.h in Headers */ = {isa = PBXBuildFile; fileRef = F838D6731A7F8FC800F37792 /* mXmSearchArtist.h */; settings = {ATTRIBUTES = (Private, ); }; };
		F838D6771A7F8FC800F37792 /* mXmSearchArtist.m in Sources */ = {isa = PBXBuildFile; fileRef = F838D6741A7F8FC800F37792 /* mXmSearchArtist.m */; };
		F838D6781A7F8FC800F37792 /* mXmSearchArtist.m in Sources */ = {isa = PBXBuildFile; fileRef = F838D6741A7F8FC800F37792 /* mXmSearchArtist.m */; };
		F838D67C1A7F941700F37792 /* mXmAlbum.h in Headers */ = {isa = PBXBuildFile; fileRef = F838D67A1A7F941700F37792 /* mXmAlbum.h */; settings = {ATTRIBUTES = (Public, ); }; };
		F838D67D1A7F941700F37792 /* mXmAlbum.h in Headers */ = {isa = PBXBuildFile; fileRef = F838D67A1A7F941700F37792 /* mXmAlbum.h */; settings = {ATTRIBUTES = (Public, ); }; };
		F838D67E1A7F941700F37792 /* mXmAlbum.m in Sources */ = {isa = PBXBuildFile; fileRef = F838D67B1A7F941700F37792 /* mXmAlbum.m */; };
		F838D67F1A7F941700F37792 /* mXmAlbum.m in Sources */ = {isa = PBXBuildFile; fileRef = F838D67B1A7F941700F37792 /* mXmAlbum.m */; };
		F838D6821A7FCD8600F37792 /* mXmArtistAlbums.h in Headers */ = {isa = PBXBuildFile; fileRef = F838D6801A7FCD8600F37792 /* mXmArtistAlbums.h */; settings = {ATTRIBUTES = (Private, ); }; };
		F838D6831A7FCD8600F37792 /* mXmArtistAlbums.h in Headers */ = {isa = PBXBuildFile; fileRef = F838D6801A7FCD8600F37792 /* mXmArtistAlbums.h */; settings = {ATTRIBUTES = (Private, ); }; };
		F838D6841A7FCD8600F37792 /* mXmArtistAlbums.m in Sources */ = {isa = PBXBuildFile; fileRef = F838D6811A7FCD8600F37792 /* mXmArtistAlbums.m */; };
		F838D6851A7FCD8600F37792 /* mXmArtistAlbums.m in Sources */ = {isa = PBXBuildFile; fileRef = F838D6811A7FCD8600F37792 /* mXmArtistAlbums.m */; };
		F867A7621A7C2338009A8DA5 /* musiXmatch.framework in Frameworks */ = {isa = PBXBuildFile; fileRef = F867A7561A7C2338009A8DA5 /* musiXmatch.framework */; };
		F867A7691A7C2338009A8DA5 /* musiXmatchTests.m in Sources */ = {isa = PBXBuildFile; fileRef = F867A7681A7C2338009A8DA5 /* musiXmatchTests.m */; };
		F87A617D1A7EC54A006C892A /* mXmLyrics.h in Headers */ = {isa = PBXBuildFile; fileRef = F87A617B1A7EC54A006C892A /* mXmLyrics.h */; settings = {ATTRIBUTES = (Public, ); }; };
		F87A617E1A7EC54A006C892A /* mXmLyrics.m in Sources */ = {isa = PBXBuildFile; fileRef = F87A617C1A7EC54A006C892A /* mXmLyrics.m */; };
		F87A617F1A7EC70C006C892A /* mXmLyrics.m in Sources */ = {isa = PBXBuildFile; fileRef = F87A617C1A7EC54A006C892A /* mXmLyrics.m */; };
		F87A61801A7EC70E006C892A /* mXmLyrics.h in Headers */ = {isa = PBXBuildFile; fileRef = F87A617B1A7EC54A006C892A /* mXmLyrics.h */; settings = {ATTRIBUTES = (Public, ); }; };
		F87A61831A7ECDAA006C892A /* mXmSearchTrack.h in Headers */ = {isa = PBXBuildFile; fileRef = F87A61811A7ECDAA006C892A /* mXmSearchTrack.h */; settings = {ATTRIBUTES = (Private, ); }; };
		F87A61841A7ECDAA006C892A /* mXmSearchTrack.h in Headers */ = {isa = PBXBuildFile; fileRef = F87A61811A7ECDAA006C892A /* mXmSearchTrack.h */; settings = {ATTRIBUTES = (Private, ); }; };
		F87A61851A7ECDAA006C892A /* mXmSearchTrack.m in Sources */ = {isa = PBXBuildFile; fileRef = F87A61821A7ECDAA006C892A /* mXmSearchTrack.m */; };
		F87A61861A7ECDAA006C892A /* mXmSearchTrack.m in Sources */ = {isa = PBXBuildFile; fileRef = F87A61821A7ECDAA006C892A /* mXmSearchTrack.m */; };
		F8A9A4D81A828DEC0088BD8C /* musiXmatch.framework in Frameworks */ = {isa = PBXBuildFile; fileRef = F867A7771A7C2419009A8DA5 /* musiXmatch.framework */; };
		F8C1FC771A7C2B78002EAC72 /* libPods.a in Frameworks */ = {isa = PBXBuildFile; fileRef = 23B826704F0AF1D77935BAD8 /* libPods.a */; };
		F8C1FCB61A7C328C002EAC72 /* mXmTrack.h in Headers */ = {isa = PBXBuildFile; fileRef = F8C1FCB41A7C328C002EAC72 /* mXmTrack.h */; settings = {ATTRIBUTES = (Public, ); }; };
		F8C1FCB71A7C328C002EAC72 /* mXmTrack.m in Sources */ = {isa = PBXBuildFile; fileRef = F8C1FCB51A7C328C002EAC72 /* mXmTrack.m */; };
		F8C1FCB91A7C32CA002EAC72 /* mXmTrack.h in Headers */ = {isa = PBXBuildFile; fileRef = F8C1FCB41A7C328C002EAC72 /* mXmTrack.h */; settings = {ATTRIBUTES = (Public, ); }; };
		F8C1FCBC1A7C3401002EAC72 /* musiXmatchAPI.h in Headers */ = {isa = PBXBuildFile; fileRef = F8C1FCBA1A7C3401002EAC72 /* musiXmatchAPI.h */; settings = {ATTRIBUTES = (Public, ); }; };
		F8C1FCBD1A7C3401002EAC72 /* musiXmatchAPI.m in Sources */ = {isa = PBXBuildFile; fileRef = F8C1FCBB1A7C3401002EAC72 /* musiXmatchAPI.m */; };
		F8C1FCC11A7C3825002EAC72 /* musiXmatchAPI.h in Headers */ = {isa = PBXBuildFile; fileRef = F8C1FCBA1A7C3401002EAC72 /* musiXmatchAPI.h */; settings = {ATTRIBUTES = (Public, ); }; };
		F8C1FCCB1A7C3A7E002EAC72 /* musiXmatchAPI.m in Sources */ = {isa = PBXBuildFile; fileRef = F8C1FCBB1A7C3401002EAC72 /* musiXmatchAPI.m */; };
		F8C1FCCC1A7C3AB4002EAC72 /* musiXmatch-Prefix.pch in Headers */ = {isa = PBXBuildFile; fileRef = F8C1FC721A7C27A8002EAC72 /* musiXmatch-Prefix.pch */; };
		F8C1FCCD1A7C3AB5002EAC72 /* musiXmatch-Prefix.pch in Headers */ = {isa = PBXBuildFile; fileRef = F8C1FC721A7C27A8002EAC72 /* musiXmatch-Prefix.pch */; };
		F8C1FD0E1A7C3C93002EAC72 /* musiXmatch.h in Headers */ = {isa = PBXBuildFile; fileRef = F867A75B1A7C2338009A8DA5 /* musiXmatch.h */; settings = {ATTRIBUTES = (Public, ); }; };
		F8C1FD0F1A7C3CEC002EAC72 /* musiXmatch.h in Headers */ = {isa = PBXBuildFile; fileRef = F867A75B1A7C2338009A8DA5 /* musiXmatch.h */; settings = {ATTRIBUTES = (Public, ); }; };
		F8C1FD101A7C3EE4002EAC72 /* mXmTrack.m in Sources */ = {isa = PBXBuildFile; fileRef = F8C1FCB51A7C328C002EAC72 /* mXmTrack.m */; };
		F8EE20BE1A80C42E000BE304 /* MappingKeys.h in Headers */ = {isa = PBXBuildFile; fileRef = F8EE20BD1A80BEE3000BE304 /* MappingKeys.h */; settings = {ATTRIBUTES = (Private, ); }; };
		F8EE20BF1A80C42E000BE304 /* MappingKeys.h in Headers */ = {isa = PBXBuildFile; fileRef = F8EE20BD1A80BEE3000BE304 /* MappingKeys.h */; settings = {ATTRIBUTES = (Private, ); }; };
		F8EE20C21A80CB56000BE304 /* Uri.h in Headers */ = {isa = PBXBuildFile; fileRef = F8EE20C01A80C995000BE304 /* Uri.h */; settings = {ATTRIBUTES = (Private, ); }; };
		F8EE20C31A80CB57000BE304 /* Uri.h in Headers */ = {isa = PBXBuildFile; fileRef = F8EE20C01A80C995000BE304 /* Uri.h */; settings = {ATTRIBUTES = (Private, ); }; };
		F8EE20C41A80CBA9000BE304 /* Macros.h in Headers */ = {isa = PBXBuildFile; fileRef = F8EE20C11A80CB41000BE304 /* Macros.h */; };
		F8EE20C51A80CBA9000BE304 /* Macros.h in Headers */ = {isa = PBXBuildFile; fileRef = F8EE20C11A80CB41000BE304 /* Macros.h */; };
		F8EE20C91A80E38D000BE304 /* mXmJsonSerialization.h in Headers */ = {isa = PBXBuildFile; fileRef = F8EE20C71A80E38D000BE304 /* mXmJsonSerialization.h */; };
		F8EE20CA1A80E38D000BE304 /* mXmJsonSerialization.h in Headers */ = {isa = PBXBuildFile; fileRef = F8EE20C71A80E38D000BE304 /* mXmJsonSerialization.h */; };
		F8EE20CB1A80E38D000BE304 /* mXmJsonSerialization.m in Sources */ = {isa = PBXBuildFile; fileRef = F8EE20C81A80E38D000BE304 /* mXmJsonSerialization.m */; };
		F8EE20CC1A80E38D000BE304 /* mXmJsonSerialization.m in Sources */ = {isa = PBXBuildFile; fileRef = F8EE20C81A80E38D000BE304 /* mXmJsonSerialization.m */; };
		F8EE20D51A81776F000BE304 /* musiXmatchTests.m in Sources */ = {isa = PBXBuildFile; fileRef = F867A7681A7C2338009A8DA5 /* musiXmatchTests.m */; };
		F8FECDE51A7EA4EE00DCC083 /* mXmMusicGenre.h in Headers */ = {isa = PBXBuildFile; fileRef = F8FECDE31A7EA4EE00DCC083 /* mXmMusicGenre.h */; };
		F8FECDE61A7EA4EE00DCC083 /* mXmMusicGenre.m in Sources */ = {isa = PBXBuildFile; fileRef = F8FECDE41A7EA4EE00DCC083 /* mXmMusicGenre.m */; };
		F8FECDE71A7EA55900DCC083 /* mXmMusicGenre.h in Headers */ = {isa = PBXBuildFile; fileRef = F8FECDE31A7EA4EE00DCC083 /* mXmMusicGenre.h */; };
		F8FECDE81A7EA55C00DCC083 /* mXmMusicGenre.m in Sources */ = {isa = PBXBuildFile; fileRef = F8FECDE41A7EA4EE00DCC083 /* mXmMusicGenre.m */; };
/* End PBXBuildFile section */

/* Begin PBXContainerItemProxy section */
		F867A7631A7C2338009A8DA5 /* PBXContainerItemProxy */ = {
			isa = PBXContainerItemProxy;
			containerPortal = F867A74D1A7C2338009A8DA5 /* Project object */;
			proxyType = 1;
			remoteGlobalIDString = F867A7551A7C2338009A8DA5;
			remoteInfo = musiXmatch;
		};
		F867A7831A7C2419009A8DA5 /* PBXContainerItemProxy */ = {
			isa = PBXContainerItemProxy;
			containerPortal = F867A74D1A7C2338009A8DA5 /* Project object */;
			proxyType = 1;
			remoteGlobalIDString = F867A7761A7C2419009A8DA5;
			remoteInfo = musiXmatch;
		};
		F8A9A4D61A828CC80088BD8C /* PBXContainerItemProxy */ = {
			isa = PBXContainerItemProxy;
			containerPortal = F867A74D1A7C2338009A8DA5 /* Project object */;
			proxyType = 1;
			remoteGlobalIDString = F867A7761A7C2419009A8DA5;
			remoteInfo = "musiXmatch-iOS";
		};
/* End PBXContainerItemProxy section */

/* Begin PBXFileReference section */
		1985870B443CA2E3D8A7500A /* Pods.debug.xcconfig */ = {isa = PBXFileReference; includeInIndex = 1; lastKnownFileType = text.xcconfig; name = Pods.debug.xcconfig; path = "Pods/Target Support Files/Pods/Pods.debug.xcconfig"; sourceTree = "<group>"; };
		22C6228ED6BCFF347CF1AF7A /* Pods.release.xcconfig */ = {isa = PBXFileReference; includeInIndex = 1; lastKnownFileType = text.xcconfig; name = Pods.release.xcconfig; path = "Pods/Target Support Files/Pods/Pods.release.xcconfig"; sourceTree = "<group>"; };
		23B826704F0AF1D77935BAD8 /* libPods.a */ = {isa = PBXFileReference; explicitFileType = archive.ar; includeInIndex = 0; path = libPods.a; sourceTree = BUILT_PRODUCTS_DIR; };
		8DCD9DA721D13E6DDE587AB1 /* libPods-Mac.a */ = {isa = PBXFileReference; explicitFileType = archive.ar; includeInIndex = 0; path = "libPods-Mac.a"; sourceTree = BUILT_PRODUCTS_DIR; };
		F838D66D1A7F8CE800F37792 /* mXmArtist.h */ = {isa = PBXFileReference; fileEncoding = 4; lastKnownFileType = sourcecode.c.h; name = mXmArtist.h; path = Classes/Mapping/mXmArtist.h; sourceTree = "<group>"; };
		F838D66E1A7F8CE800F37792 /* mXmArtist.m */ = {isa = PBXFileReference; fileEncoding = 4; lastKnownFileType = sourcecode.c.objc; name = mXmArtist.m; path = Classes/Mapping/mXmArtist.m; sourceTree = "<group>"; };
		F838D6731A7F8FC800F37792 /* mXmSearchArtist.h */ = {isa = PBXFileReference; fileEncoding = 4; lastKnownFileType = sourcecode.c.h; name = mXmSearchArtist.h; path = Classes/Mapping/mXmSearchArtist.h; sourceTree = "<group>"; };
		F838D6741A7F8FC800F37792 /* mXmSearchArtist.m */ = {isa = PBXFileReference; fileEncoding = 4; lastKnownFileType = sourcecode.c.objc; name = mXmSearchArtist.m; path = Classes/Mapping/mXmSearchArtist.m; sourceTree = "<group>"; };
		F838D67A1A7F941700F37792 /* mXmAlbum.h */ = {isa = PBXFileReference; fileEncoding = 4; lastKnownFileType = sourcecode.c.h; name = mXmAlbum.h; path = Classes/Mapping/mXmAlbum.h; sourceTree = "<group>"; };
		F838D67B1A7F941700F37792 /* mXmAlbum.m */ = {isa = PBXFileReference; fileEncoding = 4; lastKnownFileType = sourcecode.c.objc; name = mXmAlbum.m; path = Classes/Mapping/mXmAlbum.m; sourceTree = "<group>"; };
		F838D6801A7FCD8600F37792 /* mXmArtistAlbums.h */ = {isa = PBXFileReference; fileEncoding = 4; lastKnownFileType = sourcecode.c.h; name = mXmArtistAlbums.h; path = Classes/Mapping/mXmArtistAlbums.h; sourceTree = "<group>"; };
		F838D6811A7FCD8600F37792 /* mXmArtistAlbums.m */ = {isa = PBXFileReference; fileEncoding = 4; lastKnownFileType = sourcecode.c.objc; name = mXmArtistAlbums.m; path = Classes/Mapping/mXmArtistAlbums.m; sourceTree = "<group>"; };
		F867A7561A7C2338009A8DA5 /* musiXmatch.framework */ = {isa = PBXFileReference; explicitFileType = wrapper.framework; includeInIndex = 0; path = musiXmatch.framework; sourceTree = BUILT_PRODUCTS_DIR; };
		F867A75A1A7C2338009A8DA5 /* Info.plist */ = {isa = PBXFileReference; lastKnownFileType = text.plist.xml; path = Info.plist; sourceTree = "<group>"; };
		F867A75B1A7C2338009A8DA5 /* musiXmatch.h */ = {isa = PBXFileReference; lastKnownFileType = sourcecode.c.h; path = musiXmatch.h; sourceTree = "<group>"; };
		F867A7611A7C2338009A8DA5 /* musiXmatchTests.xctest */ = {isa = PBXFileReference; explicitFileType = wrapper.cfbundle; includeInIndex = 0; path = musiXmatchTests.xctest; sourceTree = BUILT_PRODUCTS_DIR; };
		F867A7671A7C2338009A8DA5 /* Info.plist */ = {isa = PBXFileReference; lastKnownFileType = text.plist.xml; path = Info.plist; sourceTree = "<group>"; };
		F867A7681A7C2338009A8DA5 /* musiXmatchTests.m */ = {isa = PBXFileReference; lastKnownFileType = sourcecode.c.objc; path = musiXmatchTests.m; sourceTree = "<group>"; };
		F867A7771A7C2419009A8DA5 /* musiXmatch.framework */ = {isa = PBXFileReference; explicitFileType = wrapper.framework; includeInIndex = 0; path = musiXmatch.framework; sourceTree = BUILT_PRODUCTS_DIR; };
		F867A7811A7C2419009A8DA5 /* musiXmatchTests.xctest */ = {isa = PBXFileReference; explicitFileType = wrapper.cfbundle; includeInIndex = 0; path = musiXmatchTests.xctest; sourceTree = BUILT_PRODUCTS_DIR; };
		F87A617B1A7EC54A006C892A /* mXmLyrics.h */ = {isa = PBXFileReference; fileEncoding = 4; lastKnownFileType = sourcecode.c.h; name = mXmLyrics.h; path = Classes/Mapping/mXmLyrics.h; sourceTree = "<group>"; };
		F87A617C1A7EC54A006C892A /* mXmLyrics.m */ = {isa = PBXFileReference; fileEncoding = 4; lastKnownFileType = sourcecode.c.objc; name = mXmLyrics.m; path = Classes/Mapping/mXmLyrics.m; sourceTree = "<group>"; };
		F87A61811A7ECDAA006C892A /* mXmSearchTrack.h */ = {isa = PBXFileReference; fileEncoding = 4; lastKnownFileType = sourcecode.c.h; name = mXmSearchTrack.h; path = Classes/Mapping/mXmSearchTrack.h; sourceTree = "<group>"; };
		F87A61821A7ECDAA006C892A /* mXmSearchTrack.m */ = {isa = PBXFileReference; fileEncoding = 4; lastKnownFileType = sourcecode.c.objc; name = mXmSearchTrack.m; path = Classes/Mapping/mXmSearchTrack.m; sourceTree = "<group>"; };
		F8A9A4D91A82BBE60088BD8C /* libPods-AFNetworking.a */ = {isa = PBXFileReference; lastKnownFileType = archive.ar; name = "libPods-AFNetworking.a"; path = "Pods/build/Release-iphoneos/libPods-AFNetworking.a"; sourceTree = "<group>"; };
		F8A9A4DB1A82BBEC0088BD8C /* libPods-RestKit.a */ = {isa = PBXFileReference; lastKnownFileType = archive.ar; name = "libPods-RestKit.a"; path = "Pods/build/Release-iphoneos/libPods-RestKit.a"; sourceTree = "<group>"; };
		F8A9A4DD1A82BBEF0088BD8C /* libPods-SOCKit.a */ = {isa = PBXFileReference; lastKnownFileType = archive.ar; name = "libPods-SOCKit.a"; path = "Pods/build/Release-iphoneos/libPods-SOCKit.a"; sourceTree = "<group>"; };
		F8A9A4DF1A82BBF40088BD8C /* libPods-TransitionKit.a */ = {isa = PBXFileReference; lastKnownFileType = archive.ar; name = "libPods-TransitionKit.a"; path = "Pods/build/Release-iphoneos/libPods-TransitionKit.a"; sourceTree = "<group>"; };
		F8C1FC721A7C27A8002EAC72 /* musiXmatch-Prefix.pch */ = {isa = PBXFileReference; lastKnownFileType = sourcecode.c.h; path = "musiXmatch-Prefix.pch"; sourceTree = "<group>"; };
		F8C1FC731A7C2B4C002EAC72 /* Pods-Mac.debug.xcconfig */ = {isa = PBXFileReference; fileEncoding = 4; lastKnownFileType = text.xcconfig; name = "Pods-Mac.debug.xcconfig"; path = "Pods/Target Support Files/Pods-Mac/Pods-Mac.debug.xcconfig"; sourceTree = "<group>"; };
		F8C1FC741A7C2B4C002EAC72 /* Pods-Mac.release.xcconfig */ = {isa = PBXFileReference; fileEncoding = 4; lastKnownFileType = text.xcconfig; name = "Pods-Mac.release.xcconfig"; path = "Pods/Target Support Files/Pods-Mac/Pods-Mac.release.xcconfig"; sourceTree = "<group>"; };
		F8C1FCB41A7C328C002EAC72 /* mXmTrack.h */ = {isa = PBXFileReference; fileEncoding = 4; lastKnownFileType = sourcecode.c.h; name = mXmTrack.h; path = Classes/Mapping/mXmTrack.h; sourceTree = "<group>"; };
		F8C1FCB51A7C328C002EAC72 /* mXmTrack.m */ = {isa = PBXFileReference; fileEncoding = 4; lastKnownFileType = sourcecode.c.objc; name = mXmTrack.m; path = Classes/Mapping/mXmTrack.m; sourceTree = "<group>"; };
		F8C1FCBA1A7C3401002EAC72 /* musiXmatchAPI.h */ = {isa = PBXFileReference; fileEncoding = 4; lastKnownFileType = sourcecode.c.h; name = musiXmatchAPI.h; path = Classes/Public/musiXmatchAPI.h; sourceTree = "<group>"; };
		F8C1FCBB1A7C3401002EAC72 /* musiXmatchAPI.m */ = {isa = PBXFileReference; fileEncoding = 4; lastKnownFileType = sourcecode.c.objc; name = musiXmatchAPI.m; path = Classes/Public/musiXmatchAPI.m; sourceTree = "<group>"; };
		F8EE20BD1A80BEE3000BE304 /* MappingKeys.h */ = {isa = PBXFileReference; lastKnownFileType = sourcecode.c.h; name = MappingKeys.h; path = Macro/MappingKeys.h; sourceTree = "<group>"; };
		F8EE20C01A80C995000BE304 /* Uri.h */ = {isa = PBXFileReference; lastKnownFileType = sourcecode.c.h; name = Uri.h; path = Macro/Uri.h; sourceTree = "<group>"; };
		F8EE20C11A80CB41000BE304 /* Macros.h */ = {isa = PBXFileReference; lastKnownFileType = sourcecode.c.h; name = Macros.h; path = Macro/Macros.h; sourceTree = "<group>"; };
		F8EE20C71A80E38D000BE304 /* mXmJsonSerialization.h */ = {isa = PBXFileReference; fileEncoding = 4; lastKnownFileType = sourcecode.c.h; name = mXmJsonSerialization.h; path = Classes/JsonSerialization/mXmJsonSerialization.h; sourceTree = "<group>"; };
		F8EE20C81A80E38D000BE304 /* mXmJsonSerialization.m */ = {isa = PBXFileReference; fileEncoding = 4; lastKnownFileType = sourcecode.c.objc; name = mXmJsonSerialization.m; path = Classes/JsonSerialization/mXmJsonSerialization.m; sourceTree = "<group>"; };
		F8FECDE31A7EA4EE00DCC083 /* mXmMusicGenre.h */ = {isa = PBXFileReference; fileEncoding = 4; lastKnownFileType = sourcecode.c.h; name = mXmMusicGenre.h; path = Classes/Mapping/mXmMusicGenre.h; sourceTree = "<group>"; };
		F8FECDE41A7EA4EE00DCC083 /* mXmMusicGenre.m */ = {isa = PBXFileReference; fileEncoding = 4; lastKnownFileType = sourcecode.c.objc; name = mXmMusicGenre.m; path = Classes/Mapping/mXmMusicGenre.m; sourceTree = "<group>"; };
/* End PBXFileReference section */

/* Begin PBXFrameworksBuildPhase section */
		F867A7521A7C2338009A8DA5 /* Frameworks */ = {
			isa = PBXFrameworksBuildPhase;
			buildActionMask = 2147483647;
			files = (
				72EB1BEC36942CE2D6D16C7A /* libPods-Mac.a in Frameworks */,
			);
			runOnlyForDeploymentPostprocessing = 0;
		};
		F867A75E1A7C2338009A8DA5 /* Frameworks */ = {
			isa = PBXFrameworksBuildPhase;
			buildActionMask = 2147483647;
			files = (
				F867A7621A7C2338009A8DA5 /* musiXmatch.framework in Frameworks */,
			);
			runOnlyForDeploymentPostprocessing = 0;
		};
		F867A7731A7C2419009A8DA5 /* Frameworks */ = {
			isa = PBXFrameworksBuildPhase;
			buildActionMask = 2147483647;
			files = (
				F8C1FC771A7C2B78002EAC72 /* libPods.a in Frameworks */,
			);
			runOnlyForDeploymentPostprocessing = 0;
		};
		F867A77E1A7C2419009A8DA5 /* Frameworks */ = {
			isa = PBXFrameworksBuildPhase;
			buildActionMask = 2147483647;
			files = (
				F8A9A4D81A828DEC0088BD8C /* musiXmatch.framework in Frameworks */,
			);
			runOnlyForDeploymentPostprocessing = 0;
		};
/* End PBXFrameworksBuildPhase section */

/* Begin PBXGroup section */
		8000DB09EB2B138A9A836A7E /* Pods */ = {
			isa = PBXGroup;
			children = (
				F8C1FC731A7C2B4C002EAC72 /* Pods-Mac.debug.xcconfig */,
				F8C1FC741A7C2B4C002EAC72 /* Pods-Mac.release.xcconfig */,
				1985870B443CA2E3D8A7500A /* Pods.debug.xcconfig */,
				22C6228ED6BCFF347CF1AF7A /* Pods.release.xcconfig */,
			);
			name = Pods;
			sourceTree = "<group>";
		};
		93319C31A5610BCEED2AC2FA /* Frameworks */ = {
			isa = PBXGroup;
			children = (
				F8A9A4DF1A82BBF40088BD8C /* libPods-TransitionKit.a */,
				F8A9A4DD1A82BBEF0088BD8C /* libPods-SOCKit.a */,
				F8A9A4DB1A82BBEC0088BD8C /* libPods-RestKit.a */,
				F8A9A4D91A82BBE60088BD8C /* libPods-AFNetworking.a */,
				23B826704F0AF1D77935BAD8 /* libPods.a */,
				8DCD9DA721D13E6DDE587AB1 /* libPods-Mac.a */,
			);
			name = Frameworks;
			sourceTree = "<group>";
		};
		F838D66C1A7F8CD200F37792 /* Artist */ = {
			isa = PBXGroup;
			children = (
				F838D66D1A7F8CE800F37792 /* mXmArtist.h */,
				F838D66E1A7F8CE800F37792 /* mXmArtist.m */,
				F838D6731A7F8FC800F37792 /* mXmSearchArtist.h */,
				F838D6741A7F8FC800F37792 /* mXmSearchArtist.m */,
				F838D6801A7FCD8600F37792 /* mXmArtistAlbums.h */,
				F838D6811A7FCD8600F37792 /* mXmArtistAlbums.m */,
			);
			name = Artist;
			sourceTree = "<group>";
		};
		F838D6791A7F940300F37792 /* Album */ = {
			isa = PBXGroup;
			children = (
				F838D67A1A7F941700F37792 /* mXmAlbum.h */,
				F838D67B1A7F941700F37792 /* mXmAlbum.m */,
			);
			name = Album;
			sourceTree = "<group>";
		};
		F867A74C1A7C2338009A8DA5 = {
			isa = PBXGroup;
			children = (
				F867A7581A7C2338009A8DA5 /* musiXmatch */,
				F867A7651A7C2338009A8DA5 /* musiXmatchTests */,
				F867A7571A7C2338009A8DA5 /* Products */,
				8000DB09EB2B138A9A836A7E /* Pods */,
				93319C31A5610BCEED2AC2FA /* Frameworks */,
			);
			sourceTree = "<group>";
		};
		F867A7571A7C2338009A8DA5 /* Products */ = {
			isa = PBXGroup;
			children = (
				F867A7561A7C2338009A8DA5 /* musiXmatch.framework */,
				F867A7611A7C2338009A8DA5 /* musiXmatchTests.xctest */,
				F867A7771A7C2419009A8DA5 /* musiXmatch.framework */,
				F867A7811A7C2419009A8DA5 /* musiXmatchTests.xctest */,
			);
			name = Products;
			sourceTree = "<group>";
		};
		F867A7581A7C2338009A8DA5 /* musiXmatch */ = {
			isa = PBXGroup;
			children = (
				F8C1FCB21A7C3251002EAC72 /* Code */,
				F867A7591A7C2338009A8DA5 /* Supporting Files */,
			);
			path = musiXmatch;
			sourceTree = "<group>";
		};
		F867A7591A7C2338009A8DA5 /* Supporting Files */ = {
			isa = PBXGroup;
			children = (
				F867A75A1A7C2338009A8DA5 /* Info.plist */,
				F8C1FC721A7C27A8002EAC72 /* musiXmatch-Prefix.pch */,
			);
			name = "Supporting Files";
			sourceTree = "<group>";
		};
		F867A7651A7C2338009A8DA5 /* musiXmatchTests */ = {
			isa = PBXGroup;
			children = (
				F867A7681A7C2338009A8DA5 /* musiXmatchTests.m */,
				F867A7661A7C2338009A8DA5 /* Supporting Files */,
			);
			path = musiXmatchTests;
			sourceTree = "<group>";
		};
		F867A7661A7C2338009A8DA5 /* Supporting Files */ = {
			isa = PBXGroup;
			children = (
				F867A7671A7C2338009A8DA5 /* Info.plist */,
			);
			name = "Supporting Files";
			sourceTree = "<group>";
		};
		F87A61791A7EC427006C892A /* Track */ = {
			isa = PBXGroup;
			children = (
				F8C1FCB41A7C328C002EAC72 /* mXmTrack.h */,
				F8C1FCB51A7C328C002EAC72 /* mXmTrack.m */,
				F8FECDE31A7EA4EE00DCC083 /* mXmMusicGenre.h */,
				F8FECDE41A7EA4EE00DCC083 /* mXmMusicGenre.m */,
				F87A61811A7ECDAA006C892A /* mXmSearchTrack.h */,
				F87A61821A7ECDAA006C892A /* mXmSearchTrack.m */,
			);
			name = Track;
			sourceTree = "<group>";
		};
		F87A617A1A7EC521006C892A /* Lyrics */ = {
			isa = PBXGroup;
			children = (
				F87A617B1A7EC54A006C892A /* mXmLyrics.h */,
				F87A617C1A7EC54A006C892A /* mXmLyrics.m */,
			);
			name = Lyrics;
			sourceTree = "<group>";
		};
		F8C1FCB21A7C3251002EAC72 /* Code */ = {
			isa = PBXGroup;
			children = (
				F8EE20C61A80E33F000BE304 /* JsonSerialization */,
				F8EE20BC1A80BE78000BE304 /* Macro */,
				F8C1FCBE1A7C3404002EAC72 /* Public */,
				F8C1FCB31A7C3259002EAC72 /* Mapping */,
			);
			name = Code;
			sourceTree = "<group>";
		};
		F8C1FCB31A7C3259002EAC72 /* Mapping */ = {
			isa = PBXGroup;
			children = (
				F838D6791A7F940300F37792 /* Album */,
				F838D66C1A7F8CD200F37792 /* Artist */,
				F87A617A1A7EC521006C892A /* Lyrics */,
				F87A61791A7EC427006C892A /* Track */,
			);
			name = Mapping;
			sourceTree = "<group>";
		};
		F8C1FCBE1A7C3404002EAC72 /* Public */ = {
			isa = PBXGroup;
			children = (
				F867A75B1A7C2338009A8DA5 /* musiXmatch.h */,
				F8C1FCBA1A7C3401002EAC72 /* musiXmatchAPI.h */,
				F8C1FCBB1A7C3401002EAC72 /* musiXmatchAPI.m */,
			);
			name = Public;
			sourceTree = "<group>";
		};
		F8EE20BC1A80BE78000BE304 /* Macro */ = {
			isa = PBXGroup;
			children = (
				F8EE20BD1A80BEE3000BE304 /* MappingKeys.h */,
				F8EE20C01A80C995000BE304 /* Uri.h */,
				F8EE20C11A80CB41000BE304 /* Macros.h */,
			);
			name = Macro;
			sourceTree = "<group>";
		};
		F8EE20C61A80E33F000BE304 /* JsonSerialization */ = {
			isa = PBXGroup;
			children = (
				F8EE20C71A80E38D000BE304 /* mXmJsonSerialization.h */,
				F8EE20C81A80E38D000BE304 /* mXmJsonSerialization.m */,
			);
			name = JsonSerialization;
			sourceTree = "<group>";
		};
/* End PBXGroup section */

/* Begin PBXHeadersBuildPhase section */
		F867A7531A7C2338009A8DA5 /* Headers */ = {
			isa = PBXHeadersBuildPhase;
			buildActionMask = 2147483647;
			files = (
				F8C1FD0E1A7C3C93002EAC72 /* musiXmatch.h in Headers */,
				F8EE20C41A80CBA9000BE304 /* Macros.h in Headers */,
				F87A61831A7ECDAA006C892A /* mXmSearchTrack.h in Headers */,
				F838D66F1A7F8CE800F37792 /* mXmArtist.h in Headers */,
				F8EE20BF1A80C42E000BE304 /* MappingKeys.h in Headers */,
				F8EE20C91A80E38D000BE304 /* mXmJsonSerialization.h in Headers */,
				F838D67C1A7F941700F37792 /* mXmAlbum.h in Headers */,
				F87A617D1A7EC54A006C892A /* mXmLyrics.h in Headers */,
				F8FECDE51A7EA4EE00DCC083 /* mXmMusicGenre.h in Headers */,
				F8C1FCCC1A7C3AB4002EAC72 /* musiXmatch-Prefix.pch in Headers */,
				F8C1FCB61A7C328C002EAC72 /* mXmTrack.h in Headers */,
				F838D6751A7F8FC800F37792 /* mXmSearchArtist.h in Headers */,
				F8C1FCBC1A7C3401002EAC72 /* musiXmatchAPI.h in Headers */,
				F838D6821A7FCD8600F37792 /* mXmArtistAlbums.h in Headers */,
				F8EE20C21A80CB56000BE304 /* Uri.h in Headers */,
			);
			runOnlyForDeploymentPostprocessing = 0;
		};
		F867A7741A7C2419009A8DA5 /* Headers */ = {
			isa = PBXHeadersBuildPhase;
			buildActionMask = 2147483647;
			files = (
				F8C1FD0F1A7C3CEC002EAC72 /* musiXmatch.h in Headers */,
				F8EE20C51A80CBA9000BE304 /* Macros.h in Headers */,
				F87A61841A7ECDAA006C892A /* mXmSearchTrack.h in Headers */,
				F838D6701A7F8CE800F37792 /* mXmArtist.h in Headers */,
				F8EE20BE1A80C42E000BE304 /* MappingKeys.h in Headers */,
				F8EE20CA1A80E38D000BE304 /* mXmJsonSerialization.h in Headers */,
				F838D67D1A7F941700F37792 /* mXmAlbum.h in Headers */,
				F87A61801A7EC70E006C892A /* mXmLyrics.h in Headers */,
				F8FECDE71A7EA55900DCC083 /* mXmMusicGenre.h in Headers */,
				F8C1FCCD1A7C3AB5002EAC72 /* musiXmatch-Prefix.pch in Headers */,
				F8C1FCC11A7C3825002EAC72 /* musiXmatchAPI.h in Headers */,
				F838D6761A7F8FC800F37792 /* mXmSearchArtist.h in Headers */,
				F8C1FCB91A7C32CA002EAC72 /* mXmTrack.h in Headers */,
				F838D6831A7FCD8600F37792 /* mXmArtistAlbums.h in Headers */,
				F8EE20C31A80CB57000BE304 /* Uri.h in Headers */,
			);
			runOnlyForDeploymentPostprocessing = 0;
		};
/* End PBXHeadersBuildPhase section */

/* Begin PBXNativeTarget section */
		F867A7551A7C2338009A8DA5 /* musiXmatch-OSX */ = {
			isa = PBXNativeTarget;
			buildConfigurationList = F867A76C1A7C2338009A8DA5 /* Build configuration list for PBXNativeTarget "musiXmatch-OSX" */;
			buildPhases = (
				694C97D04205B6AF04F5F5FF /* Check Pods Manifest.lock */,
				F867A7511A7C2338009A8DA5 /* Sources */,
				F867A7521A7C2338009A8DA5 /* Frameworks */,
				F867A7531A7C2338009A8DA5 /* Headers */,
				F867A7541A7C2338009A8DA5 /* Resources */,
				A04D5C41B6251673DAE2BAE9 /* Copy Pods Resources */,
			);
			buildRules = (
			);
			dependencies = (
			);
			name = "musiXmatch-OSX";
			productName = musiXmatch;
			productReference = F867A7561A7C2338009A8DA5 /* musiXmatch.framework */;
			productType = "com.apple.product-type.framework";
		};
		F867A7601A7C2338009A8DA5 /* musiXmatchTests */ = {
			isa = PBXNativeTarget;
			buildConfigurationList = F867A76F1A7C2338009A8DA5 /* Build configuration list for PBXNativeTarget "musiXmatchTests" */;
			buildPhases = (
				F867A75D1A7C2338009A8DA5 /* Sources */,
				F867A75E1A7C2338009A8DA5 /* Frameworks */,
				F867A75F1A7C2338009A8DA5 /* Resources */,
			);
			buildRules = (
			);
			dependencies = (
				F867A7641A7C2338009A8DA5 /* PBXTargetDependency */,
			);
			name = musiXmatchTests;
			productName = musiXmatchTests;
			productReference = F867A7611A7C2338009A8DA5 /* musiXmatchTests.xctest */;
			productType = "com.apple.product-type.bundle.unit-test";
		};
		F867A7761A7C2419009A8DA5 /* musiXmatch-iOS */ = {
			isa = PBXNativeTarget;
			buildConfigurationList = F867A78A1A7C2419009A8DA5 /* Build configuration list for PBXNativeTarget "musiXmatch-iOS" */;
			buildPhases = (
				F867A7721A7C2419009A8DA5 /* Sources */,
				F867A7731A7C2419009A8DA5 /* Frameworks */,
				F867A7741A7C2419009A8DA5 /* Headers */,
				F867A7751A7C2419009A8DA5 /* Resources */,
				F8C1FD121A7C3F36002EAC72 /* Check Pods Manifest.lock */,
				F8C1FD131A7C3F70002EAC72 /* Copy Pods Resources */,
				F8A9A4D51A828BF90088BD8C /* Build Framework */,
			);
			buildRules = (
			);
			dependencies = (
			);
			name = "musiXmatch-iOS";
			productName = musiXmatch;
			productReference = F867A7771A7C2419009A8DA5 /* musiXmatch.framework */;
			productType = "com.apple.product-type.framework";
		};
		F867A7801A7C2419009A8DA5 /* musiXmatchTests */ = {
			isa = PBXNativeTarget;
			buildConfigurationList = F867A78D1A7C2419009A8DA5 /* Build configuration list for PBXNativeTarget "musiXmatchTests" */;
			buildPhases = (
				F867A77D1A7C2419009A8DA5 /* Sources */,
				F867A77E1A7C2419009A8DA5 /* Frameworks */,
				F867A77F1A7C2419009A8DA5 /* Resources */,
			);
			buildRules = (
			);
			dependencies = (
				F867A7841A7C2419009A8DA5 /* PBXTargetDependency */,
			);
			name = musiXmatchTests;
			productName = musiXmatchTests;
			productReference = F867A7811A7C2419009A8DA5 /* musiXmatchTests.xctest */;
			productType = "com.apple.product-type.bundle.unit-test";
		};
/* End PBXNativeTarget section */

/* Begin PBXProject section */
		F867A74D1A7C2338009A8DA5 /* Project object */ = {
			isa = PBXProject;
			attributes = {
				LastUpgradeCheck = 0610;
				ORGANIZATIONNAME = "Stefan Lage";
				TargetAttributes = {
					F867A7551A7C2338009A8DA5 = {
						CreatedOnToolsVersion = 6.1.1;
					};
					F867A7601A7C2338009A8DA5 = {
						CreatedOnToolsVersion = 6.1.1;
					};
					F867A7761A7C2419009A8DA5 = {
						CreatedOnToolsVersion = 6.1.1;
					};
					F867A7801A7C2419009A8DA5 = {
						CreatedOnToolsVersion = 6.1.1;
					};
					F8C19E7E1A8281FC000C70B5 = {
						CreatedOnToolsVersion = 6.1.1;
					};
				};
			};
			buildConfigurationList = F867A7501A7C2338009A8DA5 /* Build configuration list for PBXProject "musiXmatch" */;
			compatibilityVersion = "Xcode 3.2";
			developmentRegion = English;
			hasScannedForEncodings = 0;
			knownRegions = (
				en,
			);
			mainGroup = F867A74C1A7C2338009A8DA5;
			productRefGroup = F867A7571A7C2338009A8DA5 /* Products */;
			projectDirPath = "";
			projectRoot = "";
			targets = (
				F867A7551A7C2338009A8DA5 /* musiXmatch-OSX */,
				F867A7601A7C2338009A8DA5 /* musiXmatchTests */,
				F867A7761A7C2419009A8DA5 /* musiXmatch-iOS */,
				F867A7801A7C2419009A8DA5 /* musiXmatchTests */,
				F8C19E7E1A8281FC000C70B5 /* Framework */,
			);
		};
/* End PBXProject section */

/* Begin PBXResourcesBuildPhase section */
		F867A7541A7C2338009A8DA5 /* Resources */ = {
			isa = PBXResourcesBuildPhase;
			buildActionMask = 2147483647;
			files = (
			);
			runOnlyForDeploymentPostprocessing = 0;
		};
		F867A75F1A7C2338009A8DA5 /* Resources */ = {
			isa = PBXResourcesBuildPhase;
			buildActionMask = 2147483647;
			files = (
			);
			runOnlyForDeploymentPostprocessing = 0;
		};
		F867A7751A7C2419009A8DA5 /* Resources */ = {
			isa = PBXResourcesBuildPhase;
			buildActionMask = 2147483647;
			files = (
			);
			runOnlyForDeploymentPostprocessing = 0;
		};
		F867A77F1A7C2419009A8DA5 /* Resources */ = {
			isa = PBXResourcesBuildPhase;
			buildActionMask = 2147483647;
			files = (
			);
			runOnlyForDeploymentPostprocessing = 0;
		};
/* End PBXResourcesBuildPhase section */

/* Begin PBXShellScriptBuildPhase section */
		694C97D04205B6AF04F5F5FF /* Check Pods Manifest.lock */ = {
			isa = PBXShellScriptBuildPhase;
			buildActionMask = 2147483647;
			files = (
			);
			inputPaths = (
			);
			name = "Check Pods Manifest.lock";
			outputPaths = (
			);
			runOnlyForDeploymentPostprocessing = 0;
			shellPath = /bin/sh;
			shellScript = "diff \"${PODS_ROOT}/../Podfile.lock\" \"${PODS_ROOT}/Manifest.lock\" > /dev/null\nif [[ $? != 0 ]] ; then\n    cat << EOM\nerror: The sandbox is not in sync with the Podfile.lock. Run 'pod install' or update your CocoaPods installation.\nEOM\n    exit 1\nfi\n";
			showEnvVarsInLog = 0;
		};
		A04D5C41B6251673DAE2BAE9 /* Copy Pods Resources */ = {
			isa = PBXShellScriptBuildPhase;
			buildActionMask = 2147483647;
			files = (
			);
			inputPaths = (
			);
			name = "Copy Pods Resources";
			outputPaths = (
			);
			runOnlyForDeploymentPostprocessing = 0;
			shellPath = /bin/sh;
			shellScript = "\"${SRCROOT}/Pods/Target Support Files/Pods-Mac/Pods-Mac-resources.sh\"\n";
			showEnvVarsInLog = 0;
		};
		F8A9A4D51A828BF90088BD8C /* Build Framework */ = {
			isa = PBXShellScriptBuildPhase;
			buildActionMask = 2147483647;
			files = (
			);
			inputPaths = (
			);
			name = "Build Framework";
			outputPaths = (
			);
			runOnlyForDeploymentPostprocessing = 0;
			shellPath = /bin/sh;
			shellScript = "set -e\n\nmkdir -p \"${BUILT_PRODUCTS_DIR}/${PRODUCT_NAME}.framework/Versions/A/Headers\"\n\n# Link the \"Current\" version to \"A\"\n/bin/ln -sfh A \"${BUILT_PRODUCTS_DIR}/${PRODUCT_NAME}.framework/Versions/Current\"\n/bin/ln -sfh Versions/Current/Headers \"${BUILT_PRODUCTS_DIR}/${PRODUCT_NAME}.framework/Headers\"\n/bin/ln -sfh \"Versions/Current/${PRODUCT_NAME}\" \"${BUILT_PRODUCTS_DIR}/${PRODUCT_NAME}.framework/${PRODUCT_NAME}\"\n\n# The -a ensures that the headers maintain the source modification date so that we don't constantly\n# cause propagating rebuilds of files that import these headers.\n/bin/cp -a \"${TARGET_BUILD_DIR}/${PUBLIC_HEADERS_FOLDER_PATH}/\" \"${BUILT_PRODUCTS_DIR}/${PRODUCT_NAME}.framework/Versions/A/Headers\"";
		};
		F8C19E821A82820B000C70B5 /* ShellScript */ = {
			isa = PBXShellScriptBuildPhase;
			buildActionMask = 2147483647;
			files = (
			);
			inputPaths = (
			);
			outputPaths = (
			);
			runOnlyForDeploymentPostprocessing = 0;
			shellPath = /bin/sh;
			shellScript = "\nUNIVERSAL_OUTPUTFOLDER=${BUILD_DIR}/${CONFIGURATION}-universal\n\n# make sure the output directory exists\nmkdir -p \"${UNIVERSAL_OUTPUTFOLDER}\"\n\n# Build the other platform.\n#xcrun xcodebuild ONLY_ACTIVE_ARCH=NO -workspace \"${PROJECT_DIR}/${PROJECT_NAME}.xcworkspace\" -scheme \"${TARGET_NAME}\" -configuration \"${CONFIGURATION}\" -sdk BUILD_DIR=\"${BUILD_DIR}\" BUILD_ROOT=\"${BUILD_ROOT}\"\nxcodebuild -workspace \"${PROJECT_DIR}/${PROJECT_NAME}.xcworkspace\" ONLY_ACTIVE_ARCH=NO -configuration ${CONFIGURATION} -sdk iphoneos  BUILD_DIR=\"${BUILD_DIR}\" BUILD_ROOT=\"${BUILD_ROOT}\" clean build\nxcodebuild -workspace \"${PROJECT_DIR}/${PROJECT_NAME}.xcworkspace\" -configuration ${CONFIGURATION} -sdk iphonesimulator ONLY_ACTIVE_ARCH=NO BUILD_DIR=\"${BUILD_DIR}\" BUILD_ROOT=\"${BUILD_ROOT}\" clean build\n\n# Smash the two static libraries into one fat binary and store it in the .framework\nlipo -create -output \"${UNIVERSAL_OUTPUTFOLDER}/${PROJECT_NAME}.framework/${PROJECT_NAME}\" \"${BUILD_DIR}/${CONFIGURATION}-iphonesimulator/${PROJECT_NAME}.framework/${PROJECT_NAME}\" \"${BUILD_DIR}/${CONFIGURATION}-iphoneos/${PROJECT_NAME}.framework/${PROJECT_NAME}\"\n\n# Copy the binary to the other architecture folder to have a complete framework in both.\n#cp -a \"${BUILT_PRODUCTS_DIR}/${SF_WRAPPER_NAME}/Versions/A/${SF_TARGET_NAME}\" \"${SF_OTHER_BUILT_PRODUCTS_DIR}/${SF_WRAPPER_NAME}/Versions/A/${SF_TARGET_NAME}\"\ncp -R \"${UNIVERSAL_OUTPUTFOLDER}/${PROJECT_NAME}.framework\" \"${PROJECT_DIR}\"\nopen \"${PROJECT_DIR}\"";
		};
		F8C1FD121A7C3F36002EAC72 /* Check Pods Manifest.lock */ = {
			isa = PBXShellScriptBuildPhase;
			buildActionMask = 2147483647;
			files = (
			);
			inputPaths = (
			);
			name = "Check Pods Manifest.lock";
			outputPaths = (
			);
			runOnlyForDeploymentPostprocessing = 0;
			shellPath = /bin/sh;
			shellScript = "diff \"${PODS_ROOT}/../Podfile.lock\" \"${PODS_ROOT}/Manifest.lock\" > /dev/null\nif [[ $? != 0 ]] ; then\n    cat << EOM\nerror: The sandbox is not in sync with the Podfile.lock. Run 'pod install' or update your CocoaPods installation.\nEOM\n    exit 1\nfi";
			showEnvVarsInLog = 0;
		};
		F8C1FD131A7C3F70002EAC72 /* Copy Pods Resources */ = {
			isa = PBXShellScriptBuildPhase;
			buildActionMask = 2147483647;
			files = (
			);
			inputPaths = (
			);
			name = "Copy Pods Resources";
			outputPaths = (
			);
			runOnlyForDeploymentPostprocessing = 0;
			shellPath = /bin/sh;
			shellScript = "\"${SRCROOT}/Pods/Target Support Files/Pods/Pods-resources.sh\"";
			showEnvVarsInLog = 0;
		};
/* End PBXShellScriptBuildPhase section */

/* Begin PBXSourcesBuildPhase section */
		F867A7511A7C2338009A8DA5 /* Sources */ = {
			isa = PBXSourcesBuildPhase;
			buildActionMask = 2147483647;
			files = (
				F838D67E1A7F941700F37792 /* mXmAlbum.m in Sources */,
				F8C1FCB71A7C328C002EAC72 /* mXmTrack.m in Sources */,
				F8FECDE61A7EA4EE00DCC083 /* mXmMusicGenre.m in Sources */,
				F87A61851A7ECDAA006C892A /* mXmSearchTrack.m in Sources */,
				F838D6711A7F8CE800F37792 /* mXmArtist.m in Sources */,
				F8EE20CB1A80E38D000BE304 /* mXmJsonSerialization.m in Sources */,
				F838D6771A7F8FC800F37792 /* mXmSearchArtist.m in Sources */,
				F87A617E1A7EC54A006C892A /* mXmLyrics.m in Sources */,
				F838D6841A7FCD8600F37792 /* mXmArtistAlbums.m in Sources */,
				F8C1FCBD1A7C3401002EAC72 /* musiXmatchAPI.m in Sources */,
			);
			runOnlyForDeploymentPostprocessing = 0;
		};
		F867A75D1A7C2338009A8DA5 /* Sources */ = {
			isa = PBXSourcesBuildPhase;
			buildActionMask = 2147483647;
			files = (
				F867A7691A7C2338009A8DA5 /* musiXmatchTests.m in Sources */,
			);
			runOnlyForDeploymentPostprocessing = 0;
		};
		F867A7721A7C2419009A8DA5 /* Sources */ = {
			isa = PBXSourcesBuildPhase;
			buildActionMask = 2147483647;
			files = (
				F838D67F1A7F941700F37792 /* mXmAlbum.m in Sources */,
				F8C1FD101A7C3EE4002EAC72 /* mXmTrack.m in Sources */,
				F8FECDE81A7EA55C00DCC083 /* mXmMusicGenre.m in Sources */,
				F87A61861A7ECDAA006C892A /* mXmSearchTrack.m in Sources */,
				F838D6721A7F8CE800F37792 /* mXmArtist.m in Sources */,
				F8EE20CC1A80E38D000BE304 /* mXmJsonSerialization.m in Sources */,
				F838D6781A7F8FC800F37792 /* mXmSearchArtist.m in Sources */,
				F87A617F1A7EC70C006C892A /* mXmLyrics.m in Sources */,
				F838D6851A7FCD8600F37792 /* mXmArtistAlbums.m in Sources */,
				F8C1FCCB1A7C3A7E002EAC72 /* musiXmatchAPI.m in Sources */,
			);
			runOnlyForDeploymentPostprocessing = 0;
		};
		F867A77D1A7C2419009A8DA5 /* Sources */ = {
			isa = PBXSourcesBuildPhase;
			buildActionMask = 2147483647;
			files = (
				F8EE20D51A81776F000BE304 /* musiXmatchTests.m in Sources */,
			);
			runOnlyForDeploymentPostprocessing = 0;
		};
/* End PBXSourcesBuildPhase section */

/* Begin PBXTargetDependency section */
		F867A7641A7C2338009A8DA5 /* PBXTargetDependency */ = {
			isa = PBXTargetDependency;
			target = F867A7551A7C2338009A8DA5 /* musiXmatch-OSX */;
			targetProxy = F867A7631A7C2338009A8DA5 /* PBXContainerItemProxy */;
		};
		F867A7841A7C2419009A8DA5 /* PBXTargetDependency */ = {
			isa = PBXTargetDependency;
			target = F867A7761A7C2419009A8DA5 /* musiXmatch-iOS */;
			targetProxy = F867A7831A7C2419009A8DA5 /* PBXContainerItemProxy */;
		};
		F8A9A4D71A828CC80088BD8C /* PBXTargetDependency */ = {
			isa = PBXTargetDependency;
			target = F867A7761A7C2419009A8DA5 /* musiXmatch-iOS */;
			targetProxy = F8A9A4D61A828CC80088BD8C /* PBXContainerItemProxy */;
		};
/* End PBXTargetDependency section */

/* Begin XCBuildConfiguration section */
		F867A76A1A7C2338009A8DA5 /* Debug */ = {
			isa = XCBuildConfiguration;
			buildSettings = {
				ALWAYS_SEARCH_USER_PATHS = NO;
				CLANG_CXX_LANGUAGE_STANDARD = "gnu++0x";
				CLANG_CXX_LIBRARY = "libc++";
				CLANG_ENABLE_MODULES = YES;
				CLANG_ENABLE_OBJC_ARC = YES;
				CLANG_WARN_BOOL_CONVERSION = YES;
				CLANG_WARN_CONSTANT_CONVERSION = YES;
				CLANG_WARN_DIRECT_OBJC_ISA_USAGE = YES_ERROR;
				CLANG_WARN_EMPTY_BODY = YES;
				CLANG_WARN_ENUM_CONVERSION = YES;
				CLANG_WARN_INT_CONVERSION = YES;
				CLANG_WARN_OBJC_ROOT_CLASS = YES_ERROR;
				CLANG_WARN_UNREACHABLE_CODE = YES;
				CLANG_WARN__DUPLICATE_METHOD_MATCH = YES;
				COPY_PHASE_STRIP = NO;
				CURRENT_PROJECT_VERSION = 1;
				ENABLE_STRICT_OBJC_MSGSEND = YES;
				GCC_C_LANGUAGE_STANDARD = gnu99;
				GCC_DYNAMIC_NO_PIC = NO;
				GCC_OPTIMIZATION_LEVEL = 0;
				GCC_PREPROCESSOR_DEFINITIONS = (
					"DEBUG=1",
					"$(inherited)",
				);
				GCC_SYMBOLS_PRIVATE_EXTERN = NO;
				GCC_WARN_64_TO_32_BIT_CONVERSION = YES;
				GCC_WARN_ABOUT_RETURN_TYPE = YES_ERROR;
				GCC_WARN_UNDECLARED_SELECTOR = YES;
				GCC_WARN_UNINITIALIZED_AUTOS = YES_AGGRESSIVE;
				GCC_WARN_UNUSED_FUNCTION = YES;
				GCC_WARN_UNUSED_VARIABLE = YES;
				MACOSX_DEPLOYMENT_TARGET = 10.10;
				MTL_ENABLE_DEBUG_INFO = YES;
				ONLY_ACTIVE_ARCH = YES;
				SDKROOT = macosx;
				VERSIONING_SYSTEM = "apple-generic";
				VERSION_INFO_PREFIX = "";
			};
			name = Debug;
		};
		F867A76B1A7C2338009A8DA5 /* Release */ = {
			isa = XCBuildConfiguration;
			buildSettings = {
				ALWAYS_SEARCH_USER_PATHS = NO;
				CLANG_CXX_LANGUAGE_STANDARD = "gnu++0x";
				CLANG_CXX_LIBRARY = "libc++";
				CLANG_ENABLE_MODULES = YES;
				CLANG_ENABLE_OBJC_ARC = YES;
				CLANG_WARN_BOOL_CONVERSION = YES;
				CLANG_WARN_CONSTANT_CONVERSION = YES;
				CLANG_WARN_DIRECT_OBJC_ISA_USAGE = YES_ERROR;
				CLANG_WARN_EMPTY_BODY = YES;
				CLANG_WARN_ENUM_CONVERSION = YES;
				CLANG_WARN_INT_CONVERSION = YES;
				CLANG_WARN_OBJC_ROOT_CLASS = YES_ERROR;
				CLANG_WARN_UNREACHABLE_CODE = YES;
				CLANG_WARN__DUPLICATE_METHOD_MATCH = YES;
				COPY_PHASE_STRIP = YES;
				CURRENT_PROJECT_VERSION = 1;
				DEBUG_INFORMATION_FORMAT = "dwarf-with-dsym";
				ENABLE_NS_ASSERTIONS = NO;
				ENABLE_STRICT_OBJC_MSGSEND = YES;
				GCC_C_LANGUAGE_STANDARD = gnu99;
				GCC_WARN_64_TO_32_BIT_CONVERSION = YES;
				GCC_WARN_ABOUT_RETURN_TYPE = YES_ERROR;
				GCC_WARN_UNDECLARED_SELECTOR = YES;
				GCC_WARN_UNINITIALIZED_AUTOS = YES_AGGRESSIVE;
				GCC_WARN_UNUSED_FUNCTION = YES;
				GCC_WARN_UNUSED_VARIABLE = YES;
				MACOSX_DEPLOYMENT_TARGET = 10.10;
				MTL_ENABLE_DEBUG_INFO = NO;
				SDKROOT = macosx;
				VERSIONING_SYSTEM = "apple-generic";
				VERSION_INFO_PREFIX = "";
			};
			name = Release;
		};
		F867A76D1A7C2338009A8DA5 /* Debug */ = {
			isa = XCBuildConfiguration;
			baseConfigurationReference = F8C1FC731A7C2B4C002EAC72 /* Pods-Mac.debug.xcconfig */;
			buildSettings = {
				APPLICATION_EXTENSION_API_ONLY = NO;
				COMBINE_HIDPI_IMAGES = YES;
				DEFINES_MODULE = YES;
				DYLIB_COMPATIBILITY_VERSION = 1;
				DYLIB_CURRENT_VERSION = 1;
				DYLIB_INSTALL_NAME_BASE = "@rpath";
				FRAMEWORK_VERSION = A;
				GCC_PREFIX_HEADER = "$SRCROOT/$PROJECT_NAME/musiXmatch-Prefix.pch";
				INFOPLIST_FILE = musiXmatch/Info.plist;
				INSTALL_PATH = "$(LOCAL_LIBRARY_DIR)/Frameworks";
				LD_RUNPATH_SEARCH_PATHS = "$(inherited) @executable_path/../Frameworks @loader_path/Frameworks";
				MACOSX_DEPLOYMENT_TARGET = 10.7;
				PRODUCT_NAME = musiXmatch;
				PUBLIC_HEADERS_FOLDER_PATH = "$(CONTENTS_FOLDER_PATH)/Headers";
				SKIP_INSTALL = YES;
				STRIP_STYLE = debugging;
			};
			name = Debug;
		};
		F867A76E1A7C2338009A8DA5 /* Release */ = {
			isa = XCBuildConfiguration;
			baseConfigurationReference = F8C1FC741A7C2B4C002EAC72 /* Pods-Mac.release.xcconfig */;
			buildSettings = {
				APPLICATION_EXTENSION_API_ONLY = NO;
				COMBINE_HIDPI_IMAGES = YES;
				COPY_PHASE_STRIP = YES;
				DEFINES_MODULE = YES;
				DYLIB_COMPATIBILITY_VERSION = 1;
				DYLIB_CURRENT_VERSION = 1;
				DYLIB_INSTALL_NAME_BASE = "@rpath";
				FRAMEWORK_VERSION = A;
				GCC_PREFIX_HEADER = "$SRCROOT/$PROJECT_NAME/musiXmatch-Prefix.pch";
				INFOPLIST_FILE = musiXmatch/Info.plist;
				INSTALL_PATH = "$(LOCAL_LIBRARY_DIR)/Frameworks";
				LD_RUNPATH_SEARCH_PATHS = "$(inherited) @executable_path/../Frameworks @loader_path/Frameworks";
				MACOSX_DEPLOYMENT_TARGET = 10.7;
				PRODUCT_NAME = musiXmatch;
				PUBLIC_HEADERS_FOLDER_PATH = "$(CONTENTS_FOLDER_PATH)/Headers";
				SKIP_INSTALL = YES;
				STRIP_STYLE = debugging;
			};
			name = Release;
		};
		F867A7701A7C2338009A8DA5 /* Debug */ = {
			isa = XCBuildConfiguration;
			buildSettings = {
				CODE_SIGN_IDENTITY = "Mac Developer";
				COMBINE_HIDPI_IMAGES = YES;
				FRAMEWORK_SEARCH_PATHS = (
					"$(DEVELOPER_FRAMEWORKS_DIR)",
					"$(inherited)",
				);
				GCC_PREPROCESSOR_DEFINITIONS = (
					"DEBUG=1",
					"$(inherited)",
				);
				INFOPLIST_FILE = musiXmatchTests/Info.plist;
				LD_RUNPATH_SEARCH_PATHS = "$(inherited) @executable_path/../Frameworks @loader_path/../Frameworks";
				PRODUCT_NAME = "$(TARGET_NAME)";
			};
			name = Debug;
		};
		F867A7711A7C2338009A8DA5 /* Release */ = {
			isa = XCBuildConfiguration;
			buildSettings = {
				CODE_SIGN_IDENTITY = "Mac Developer";
				COMBINE_HIDPI_IMAGES = YES;
				FRAMEWORK_SEARCH_PATHS = (
					"$(DEVELOPER_FRAMEWORKS_DIR)",
					"$(inherited)",
				);
				INFOPLIST_FILE = musiXmatchTests/Info.plist;
				LD_RUNPATH_SEARCH_PATHS = "$(inherited) @executable_path/../Frameworks @loader_path/../Frameworks";
				PRODUCT_NAME = "$(TARGET_NAME)";
			};
			name = Release;
		};
		F867A78B1A7C2419009A8DA5 /* Debug */ = {
			isa = XCBuildConfiguration;
			baseConfigurationReference = 1985870B443CA2E3D8A7500A /* Pods.debug.xcconfig */;
			buildSettings = {
				"CODE_SIGN_IDENTITY[sdk=iphoneos*]" = "iPhone Developer";
				DEAD_CODE_STRIPPING = NO;
				DEFINES_MODULE = YES;
				DYLIB_COMPATIBILITY_VERSION = 1;
				DYLIB_CURRENT_VERSION = 1;
				DYLIB_INSTALL_NAME_BASE = "@rpath";
				GCC_PREFIX_HEADER = "$SRCROOT/$PROJECT_NAME/musiXmatch-Prefix.pch";
				GCC_PREPROCESSOR_DEFINITIONS = (
					"DEBUG=1",
					"$(inherited)",
				);
				INFOPLIST_FILE = musiXmatch/Info.plist;
				INSTALL_PATH = "$(LOCAL_LIBRARY_DIR)/Frameworks";
				IPHONEOS_DEPLOYMENT_TARGET = 8.1;
				LD_DYLIB_INSTALL_NAME = "$(DYLIB_INSTALL_NAME_BASE:standardizepath)/$(EXECUTABLE_PATH)";
				LD_RUNPATH_SEARCH_PATHS = "$(inherited) @executable_path/Frameworks @loader_path/Frameworks";
				LIBRARY_SEARCH_PATHS = (
					"$(inherited)",
					"$(PROJECT_DIR)/Pods/build/Release-iphoneos",
				);
				OTHER_LDFLAGS = (
					"$(inherited)",
					"-ObjC",
					"-l\"Pods-AFNetworking\"",
					"-l\"Pods-RestKit\"",
					"-l\"Pods-SOCKit\"",
					"-l\"Pods-TransitionKit\"",
					"-framework",
					"\"CFNetwork\"",
					"-framework",
					"\"CoreData\"",
					"-framework",
					"\"CoreGraphics\"",
					"-framework",
					"\"MobileCoreServices\"",
					"-framework",
					"\"Security\"",
					"-framework",
					"\"SystemConfiguration\"",
				);
				PRODUCT_NAME = musiXmatch;
				PUBLIC_HEADERS_FOLDER_PATH = "$(CONTENTS_FOLDER_PATH)/Headers";
				SDKROOT = iphoneos;
				SKIP_INSTALL = YES;
				STRIP_STYLE = "non-global";
				TARGETED_DEVICE_FAMILY = "1,2";
			};
			name = Debug;
		};
		F867A78C1A7C2419009A8DA5 /* Release */ = {
			isa = XCBuildConfiguration;
			baseConfigurationReference = 22C6228ED6BCFF347CF1AF7A /* Pods.release.xcconfig */;
			buildSettings = {
				"CODE_SIGN_IDENTITY[sdk=iphoneos*]" = "iPhone Developer";
				COPY_PHASE_STRIP = NO;
				DEAD_CODE_STRIPPING = NO;
				DEFINES_MODULE = YES;
				DYLIB_COMPATIBILITY_VERSION = 1;
				DYLIB_CURRENT_VERSION = 1;
				DYLIB_INSTALL_NAME_BASE = "@rpath";
				GCC_PREFIX_HEADER = "$SRCROOT/$PROJECT_NAME/musiXmatch-Prefix.pch";
				INFOPLIST_FILE = musiXmatch/Info.plist;
				INSTALL_PATH = "$(LOCAL_LIBRARY_DIR)/Frameworks";
				IPHONEOS_DEPLOYMENT_TARGET = 8.1;
				LD_DYLIB_INSTALL_NAME = "$(DYLIB_INSTALL_NAME_BASE:standardizepath)/$(EXECUTABLE_PATH)";
				LD_RUNPATH_SEARCH_PATHS = "$(inherited) @executable_path/Frameworks @loader_path/Frameworks";
				LIBRARY_SEARCH_PATHS = (
					"$(inherited)",
					"$(PROJECT_DIR)/Pods/build/Release-iphoneos",
				);
				OTHER_LDFLAGS = (
					"$(inherited)",
					"-ObjC",
					"-l\"Pods-AFNetworking\"",
					"-l\"Pods-RestKit\"",
					"-l\"Pods-SOCKit\"",
					"-l\"Pods-TransitionKit\"",
					"-framework",
					"\"CFNetwork\"",
					"-framework",
					"\"CoreData\"",
					"-framework",
					"\"CoreGraphics\"",
					"-framework",
					"\"MobileCoreServices\"",
					"-framework",
					"\"Security\"",
					"-framework",
					"\"SystemConfiguration\"",
				);
				PRODUCT_NAME = musiXmatch;
				PUBLIC_HEADERS_FOLDER_PATH = "$(CONTENTS_FOLDER_PATH)/Headers";
				SDKROOT = iphoneos;
				SKIP_INSTALL = YES;
				STRIP_STYLE = "non-global";
				TARGETED_DEVICE_FAMILY = "1,2";
				VALIDATE_PRODUCT = YES;
			};
			name = Release;
		};
		F867A78E1A7C2419009A8DA5 /* Debug */ = {
			isa = XCBuildConfiguration;
			buildSettings = {
				CODE_SIGN_IDENTITY = "iPhone Developer";
				FRAMEWORK_SEARCH_PATHS = (
					"$(SDKROOT)/Developer/Library/Frameworks",
					"$(inherited)",
				);
				GCC_PREPROCESSOR_DEFINITIONS = (
					"DEBUG=1",
					"UNIT_TEST=1",
					"$(inherited)",
				);
				INFOPLIST_FILE = musiXmatchTests/Info.plist;
				IPHONEOS_DEPLOYMENT_TARGET = 8.1;
				LD_RUNPATH_SEARCH_PATHS = "$(inherited) @executable_path/Frameworks @loader_path/Frameworks";
				PRODUCT_NAME = "$(TARGET_NAME)";
				SDKROOT = iphoneos;
			};
			name = Debug;
		};
		F867A78F1A7C2419009A8DA5 /* Release */ = {
			isa = XCBuildConfiguration;
			buildSettings = {
				CODE_SIGN_IDENTITY = "iPhone Developer";
				FRAMEWORK_SEARCH_PATHS = (
					"$(SDKROOT)/Developer/Library/Frameworks",
					"$(inherited)",
				);
				INFOPLIST_FILE = musiXmatchTests/Info.plist;
				IPHONEOS_DEPLOYMENT_TARGET = 8.1;
				LD_RUNPATH_SEARCH_PATHS = "$(inherited) @executable_path/Frameworks @loader_path/Frameworks";
				PRODUCT_NAME = "$(TARGET_NAME)";
				SDKROOT = iphoneos;
				VALIDATE_PRODUCT = YES;
			};
			name = Release;
		};
		F8C19E801A8281FC000C70B5 /* Debug */ = {
			isa = XCBuildConfiguration;
			buildSettings = {
				ONLY_ACTIVE_ARCH = NO;
				PRODUCT_NAME = "$(TARGET_NAME)";
				SDKROOT = iphoneos;
				VALID_ARCHS = "arm64 armv7 armv7s";
			};
			name = Debug;
		};
		F8C19E811A8281FC000C70B5 /* Release */ = {
			isa = XCBuildConfiguration;
			buildSettings = {
				PRODUCT_NAME = "$(TARGET_NAME)";
				SDKROOT = iphoneos;
				VALID_ARCHS = "arm64 armv7 armv7s";
			};
			name = Release;
		};
/* End XCBuildConfiguration section */

/* Begin XCConfigurationList section */
		F867A7501A7C2338009A8DA5 /* Build configuration list for PBXProject "musiXmatch" */ = {
			isa = XCConfigurationList;
			buildConfigurations = (
				F867A76A1A7C2338009A8DA5 /* Debug */,
				F867A76B1A7C2338009A8DA5 /* Release */,
			);
			defaultConfigurationIsVisible = 0;
			defaultConfigurationName = Release;
		};
		F867A76C1A7C2338009A8DA5 /* Build configuration list for PBXNativeTarget "musiXmatch-OSX" */ = {
			isa = XCConfigurationList;
			buildConfigurations = (
				F867A76D1A7C2338009A8DA5 /* Debug */,
				F867A76E1A7C2338009A8DA5 /* Release */,
			);
			defaultConfigurationIsVisible = 0;
			defaultConfigurationName = Release;
		};
		F867A76F1A7C2338009A8DA5 /* Build configuration list for PBXNativeTarget "musiXmatchTests" */ = {
			isa = XCConfigurationList;
			buildConfigurations = (
				F867A7701A7C2338009A8DA5 /* Debug */,
				F867A7711A7C2338009A8DA5 /* Release */,
			);
			defaultConfigurationIsVisible = 0;
			defaultConfigurationName = Release;
		};
		F867A78A1A7C2419009A8DA5 /* Build configuration list for PBXNativeTarget "musiXmatch-iOS" */ = {
			isa = XCConfigurationList;
			buildConfigurations = (
				F867A78B1A7C2419009A8DA5 /* Debug */,
				F867A78C1A7C2419009A8DA5 /* Release */,
			);
			defaultConfigurationIsVisible = 0;
			defaultConfigurationName = Release;
		};
		F867A78D1A7C2419009A8DA5 /* Build configuration list for PBXNativeTarget "musiXmatchTests" */ = {
			isa = XCConfigurationList;
			buildConfigurations = (
				F867A78E1A7C2419009A8DA5 /* Debug */,
				F867A78F1A7C2419009A8DA5 /* Release */,
			);
			defaultConfigurationIsVisible = 0;
			defaultConfigurationName = Release;
		};
		F8C19E7F1A8281FC000C70B5 /* Build configuration list for PBXAggregateTarget "Framework" */ = {
			isa = XCConfigurationList;
			buildConfigurations = (
				F8C19E801A8281FC000C70B5 /* Debug */,
				F8C19E811A8281FC000C70B5 /* Release */,
			);
			defaultConfigurationIsVisible = 0;
			defaultConfigurationName = Release;
		};
/* End XCConfigurationList section */
	};
	rootObject = F867A74D1A7C2338009A8DA5 /* Project object */;
}
